
Microsoft Visual Studio Solution File, Format Version 12.00
# Visual Studio Version 17
VisualStudioVersion = 17.5.002.0
MinimumVisualStudioVersion = 10.0.40219.1
Project("{9A19103F-16F7-4668-BE54-9A1E7A4F7556}") = "Highchart_demo", "Highchart_demo.csproj", "{D9A0D044-0C54-41B0-B9BD-5F5D49D02271}"
EndProject
Project("{9A19103F-16F7-4668-BE54-9A1E7A4F7556}") = "Highchart_demo (1)", "Highchart_demo\Highchart_demo.csproj", "{A0A17F6F-39B9-4F17-A3C8-0123B364AA94}"
EndProject
Global
	GlobalSection(SolutionConfigurationPlatforms) = preSolution
		Debug|Any CPU = Debug|Any CPU
		Release|Any CPU = Release|Any CPU
	EndGlobalSection
	GlobalSection(ProjectConfigurationPlatforms) = postSolution
		{D9A0D044-0C54-41B0-B9BD-5F5D49D02271}.Debug|Any CPU.ActiveCfg = Debug|Any CPU
		{D9A0D044-0C54-41B0-B9BD-5F5D49D02271}.Debug|Any CPU.Build.0 = Debug|Any CPU
		{D9A0D044-0C54-41B0-B9BD-5F5D49D02271}.Release|Any CPU.ActiveCfg = Release|Any CPU
		{D9A0D044-0C54-41B0-B9BD-5F5D49D02271}.Release|Any CPU.Build.0 = Release|Any CPU
		{A0A17F6F-39B9-4F17-A3C8-0123B364AA94}.Debug|Any CPU.ActiveCfg = Debug|Any CPU
		{A0A17F6F-39B9-4F17-A3C8-0123B364AA94}.Debug|Any CPU.Build.0 = Debug|Any CPU
		{A0A17F6F-39B9-4F17-A3C8-0123B364AA94}.Release|Any CPU.ActiveCfg = Release|Any CPU
		{A0A17F6F-39B9-4F17-A3C8-0123B364AA94}.Release|Any CPU.Build.0 = Release|Any CPU
	EndGlobalSection
	GlobalSection(SolutionProperties) = preSolution
		HideSolutionNode = FALSE
	EndGlobalSection
	GlobalSection(ExtensibilityGlobals) = postSolution
		SolutionGuid = {D37E4016-F8D3-4C00-AD89-270847C97FA8}
	EndGlobalSection
EndGlobal
